# This file is automatically @generated by Cargo.
# It is not intended for manual editing.
version = 4

[[package]]
name = "bedrock-rs-common"
version = "0.1.0"

[[package]]
name = "bedrock-rs-md"
version = "0.1.0"
dependencies = [
 "bedrock-rs-common",
]

[[package]]
name = "bedrock-rs-replay"
version = "0.1.0"
dependencies = [
 "bedrock-rs-common",
 "bedrock-rs-md",
]

[[package]]
name = "bedrock-rs-transport"
version = "0.1.0"
dependencies = [
 "bedrock-rs-common",
]
